
Microsoft Visual Studio Solution File, Format Version 12.00
# Visual Studio Version 17
VisualStudioVersion = 17.10.34928.147
MinimumVisualStudioVersion = 10.0.40219.1
Project("{FAE04EC0-301F-11D3-BF4B-00C04F79EFBC}") = "FilesClasses", "FilesClasses.csproj", "{F15AD469-4D3F-4EF4-BAE8-2A56C402E074}"
EndProject
Global
	GlobalSection(SolutionConfigurationPlatforms) = preSolution
		Debug|Any CPU = Debug|Any CPU
		Release|Any CPU = Release|Any CPU
	EndGlobalSection
	GlobalSection(ProjectConfigurationPlatforms) = postSolution
		{F15AD469-4D3F-4EF4-BAE8-2A56C402E074}.Debug|Any CPU.ActiveCfg = Debug|Any CPU
		{F15AD469-4D3F-4EF4-BAE8-2A56C402E074}.Debug|Any CPU.Build.0 = Debug|Any CPU
		{F15AD469-4D3F-4EF4-BAE8-2A56C402E074}.Release|Any CPU.ActiveCfg = Release|Any CPU
		{F15AD469-4D3F-4EF4-BAE8-2A56C402E074}.Release|Any CPU.Build.0 = Release|Any CPU
	EndGlobalSection
	GlobalSection(SolutionProperties) = preSolution
		HideSolutionNode = FALSE
	EndGlobalSection
	GlobalSection(ExtensibilityGlobals) = postSolution
		SolutionGuid = {E38C32D7-9244-400E-8F9F-BEBC3E90B871}
	EndGlobalSection
EndGlobal
